
Microsoft Visual Studio Solution File, Format Version 12.00
# Visual Studio Version 17
VisualStudioVersion = 17.7.34009.444
MinimumVisualStudioVersion = 10.0.40219.1
Project("{9A19103F-16F7-4668-BE54-9A1E7A4F7556}") = "ProductManagementSystem", "ProductManagementSystem\ProductManagementSystem.csproj", "{CAB14603-2F56-4822-A9C8-D9A85E53A86B}"
EndProject
Project("{FAE04EC0-301F-11D3-BF4B-00C04F79EFBC}") = "ProductManagementSystemTestProject", "TestProject1\ProductManagementSystemTestProject.csproj", "{5CE7C48A-D989-4365-A4E8-99865FF9434E}"
EndProject
Global
	GlobalSection(SolutionConfigurationPlatforms) = preSolution
		Debug|Any CPU = Debug|Any CPU
		Release|Any CPU = Release|Any CPU
	EndGlobalSection
	GlobalSection(ProjectConfigurationPlatforms) = postSolution
		{CAB14603-2F56-4822-A9C8-D9A85E53A86B}.Debug|Any CPU.ActiveCfg = Debug|Any CPU
		{CAB14603-2F56-4822-A9C8-D9A85E53A86B}.Debug|Any CPU.Build.0 = Debug|Any CPU
		{CAB14603-2F56-4822-A9C8-D9A85E53A86B}.Release|Any CPU.ActiveCfg = Release|Any CPU
		{CAB14603-2F56-4822-A9C8-D9A85E53A86B}.Release|Any CPU.Build.0 = Release|Any CPU
		{5CE7C48A-D989-4365-A4E8-99865FF9434E}.Debug|Any CPU.ActiveCfg = Debug|Any CPU
		{5CE7C48A-D989-4365-A4E8-99865FF9434E}.Debug|Any CPU.Build.0 = Debug|Any CPU
		{5CE7C48A-D989-4365-A4E8-99865FF9434E}.Release|Any CPU.ActiveCfg = Release|Any CPU
		{5CE7C48A-D989-4365-A4E8-99865FF9434E}.Release|Any CPU.Build.0 = Release|Any CPU
	EndGlobalSection
	GlobalSection(SolutionProperties) = preSolution
		HideSolutionNode = FALSE
	EndGlobalSection
	GlobalSection(ExtensibilityGlobals) = postSolution
		SolutionGuid = {C792B62A-36FC-43DC-A515-20B74CD18B3C}
	EndGlobalSection
EndGlobal
